
Microsoft Visual Studio Solution File, Format Version 12.00
Project("{2150E333-8FDC-42A3-9474-1A3956D46DE8}") = "src", "src", "{827E0CD3-B72D-47B6-A68D-7590B98EB39B}"
EndProject
Project("{FAE04EC0-301F-11D3-BF4B-00C04F79EFBC}") = "Domain", "src\Domain\Domain.csproj", "{8178C40F-6A37-4B80-A7C4-793C679986E6}"
EndProject
Project("{FAE04EC0-301F-11D3-BF4B-00C04F79EFBC}") = "Infrastructure", "src\Infrastructure\Infrastructure.csproj", "{2BD12798-EA08-4DEE-BDB1-26B9C0F1BB46}"
EndProject
Project("{FAE04EC0-301F-11D3-BF4B-00C04F79EFBC}") = "Application", "src\Application\Application.csproj", "{5E5D54C6-2677-4A01-B3E7-96EEC91A725D}"
EndProject
Project("{FAE04EC0-301F-11D3-BF4B-00C04F79EFBC}") = "API", "src\API\API.csproj", "{69E14E76-22BC-4E92-B3D9-11029E8763E5}"
EndProject
Project("{2150E333-8FDC-42A3-9474-1A3956D46DE8}") = "tests", "tests", "{0AB3BF05-4346-4AA6-1389-037BE0695223}"
EndProject
Project("{FAE04EC0-301F-11D3-BF4B-00C04F79EFBC}") = "Tests", "tests\Tests\Tests.csproj", "{926A5EC9-31DC-40F0-838B-38C4E6F4DE2B}"
EndProject
Global
	GlobalSection(SolutionConfigurationPlatforms) = preSolution
		Debug|Any CPU = Debug|Any CPU
		Debug|x64 = Debug|x64
		Debug|x86 = Debug|x86
		Release|Any CPU = Release|Any CPU
		Release|x64 = Release|x64
		Release|x86 = Release|x86
	EndGlobalSection
	GlobalSection(ProjectConfigurationPlatforms) = postSolution
		{8178C40F-6A37-4B80-A7C4-793C679986E6}.Debug|Any CPU.ActiveCfg = Debug|Any CPU
		{8178C40F-6A37-4B80-A7C4-793C679986E6}.Debug|Any CPU.Build.0 = Debug|Any CPU
		{8178C40F-6A37-4B80-A7C4-793C679986E6}.Debug|x64.ActiveCfg = Debug|Any CPU
		{8178C40F-6A37-4B80-A7C4-793C679986E6}.Debug|x64.Build.0 = Debug|Any CPU
		{8178C40F-6A37-4B80-A7C4-793C679986E6}.Debug|x86.ActiveCfg = Debug|Any CPU
		{8178C40F-6A37-4B80-A7C4-793C679986E6}.Debug|x86.Build.0 = Debug|Any CPU
		{8178C40F-6A37-4B80-A7C4-793C679986E6}.Release|Any CPU.ActiveCfg = Release|Any CPU
		{8178C40F-6A37-4B80-A7C4-793C679986E6}.Release|Any CPU.Build.0 = Release|Any CPU
		{8178C40F-6A37-4B80-A7C4-793C679986E6}.Release|x64.ActiveCfg = Release|Any CPU
		{8178C40F-6A37-4B80-A7C4-793C679986E6}.Release|x64.Build.0 = Release|Any CPU
		{8178C40F-6A37-4B80-A7C4-793C679986E6}.Release|x86.ActiveCfg = Release|Any CPU
		{8178C40F-6A37-4B80-A7C4-793C679986E6}.Release|x86.Build.0 = Release|Any CPU
		{2BD12798-EA08-4DEE-BDB1-26B9C0F1BB46}.Debug|Any CPU.ActiveCfg = Debug|Any CPU
		{2BD12798-EA08-4DEE-BDB1-26B9C0F1BB46}.Debug|Any CPU.Build.0 = Debug|Any CPU
		{2BD12798-EA08-4DEE-BDB1-26B9C0F1BB46}.Debug|x64.ActiveCfg = Debug|Any CPU
		{2BD12798-EA08-4DEE-BDB1-26B9C0F1BB46}.Debug|x64.Build.0 = Debug|Any CPU
		{2BD12798-EA08-4DEE-BDB1-26B9C0F1BB46}.Debug|x86.ActiveCfg = Debug|Any CPU
		{2BD12798-EA08-4DEE-BDB1-26B9C0F1BB46}.Debug|x86.Build.0 = Debug|Any CPU
		{2BD12798-EA08-4DEE-BDB1-26B9C0F1BB46}.Release|Any CPU.ActiveCfg = Release|Any CPU
		{2BD12798-EA08-4DEE-BDB1-26B9C0F1BB46}.Release|Any CPU.Build.0 = Release|Any CPU
		{2BD12798-EA08-4DEE-BDB1-26B9C0F1BB46}.Release|x64.ActiveCfg = Release|Any CPU
		{2BD12798-EA08-4DEE-BDB1-26B9C0F1BB46}.Release|x64.Build.0 = Release|Any CPU
		{2BD12798-EA08-4DEE-BDB1-26B9C0F1BB46}.Release|x86.ActiveCfg = Release|Any CPU
		{2BD12798-EA08-4DEE-BDB1-26B9C0F1BB46}.Release|x86.Build.0 = Release|Any CPU
		{5E5D54C6-2677-4A01-B3E7-96EEC91A725D}.Debug|Any CPU.ActiveCfg = Debug|Any CPU
		{5E5D54C6-2677-4A01-B3E7-96EEC91A725D}.Debug|Any CPU.Build.0 = Debug|Any CPU
		{5E5D54C6-2677-4A01-B3E7-96EEC91A725D}.Debug|x64.ActiveCfg = Debug|Any CPU
		{5E5D54C6-2677-4A01-B3E7-96EEC91A725D}.Debug|x64.Build.0 = Debug|Any CPU
		{5E5D54C6-2677-4A01-B3E7-96EEC91A725D}.Debug|x86.ActiveCfg = Debug|Any CPU
		{5E5D54C6-2677-4A01-B3E7-96EEC91A725D}.Debug|x86.Build.0 = Debug|Any CPU
		{5E5D54C6-2677-4A01-B3E7-96EEC91A725D}.Release|Any CPU.ActiveCfg = Release|Any CPU
		{5E5D54C6-2677-4A01-B3E7-96EEC91A725D}.Release|Any CPU.Build.0 = Release|Any CPU
		{5E5D54C6-2677-4A01-B3E7-96EEC91A725D}.Release|x64.ActiveCfg = Release|Any CPU
		{5E5D54C6-2677-4A01-B3E7-96EEC91A725D}.Release|x64.Build.0 = Release|Any CPU
		{5E5D54C6-2677-4A01-B3E7-96EEC91A725D}.Release|x86.ActiveCfg = Release|Any CPU
		{5E5D54C6-2677-4A01-B3E7-96EEC91A725D}.Release|x86.Build.0 = Release|Any CPU
		{69E14E76-22BC-4E92-B3D9-11029E8763E5}.Debug|Any CPU.ActiveCfg = Debug|Any CPU
		{69E14E76-22BC-4E92-B3D9-11029E8763E5}.Debug|Any CPU.Build.0 = Debug|Any CPU
		{69E14E76-22BC-4E92-B3D9-11029E8763E5}.Debug|x64.ActiveCfg = Debug|Any CPU
		{69E14E76-22BC-4E92-B3D9-11029E8763E5}.Debug|x64.Build.0 = Debug|Any CPU
		{69E14E76-22BC-4E92-B3D9-11029E8763E5}.Debug|x86.ActiveCfg = Debug|Any CPU
		{69E14E76-22BC-4E92-B3D9-11029E8763E5}.Debug|x86.Build.0 = Debug|Any CPU
		{69E14E76-22BC-4E92-B3D9-11029E8763E5}.Release|Any CPU.ActiveCfg = Release|Any CPU
		{69E14E76-22BC-4E92-B3D9-11029E8763E5}.Release|Any CPU.Build.0 = Release|Any CPU
		{69E14E76-22BC-4E92-B3D9-11029E8763E5}.Release|x64.ActiveCfg = Release|Any CPU
		{69E14E76-22BC-4E92-B3D9-11029E8763E5}.Release|x64.Build.0 = Release|Any CPU
		{69E14E76-22BC-4E92-B3D9-11029E8763E5}.Release|x86.ActiveCfg = Release|Any CPU
		{69E14E76-22BC-4E92-B3D9-11029E8763E5}.Release|x86.Build.0 = Release|Any CPU
		{926A5EC9-31DC-40F0-838B-38C4E6F4DE2B}.Debug|Any CPU.ActiveCfg = Debug|Any CPU
		{926A5EC9-31DC-40F0-838B-38C4E6F4DE2B}.Debug|Any CPU.Build.0 = Debug|Any CPU
		{926A5EC9-31DC-40F0-838B-38C4E6F4DE2B}.Debug|x64.ActiveCfg = Debug|Any CPU
		{926A5EC9-31DC-40F0-838B-38C4E6F4DE2B}.Debug|x64.Build.0 = Debug|Any CPU
		{926A5EC9-31DC-40F0-838B-38C4E6F4DE2B}.Debug|x86.ActiveCfg = Debug|Any CPU
		{926A5EC9-31DC-40F0-838B-38C4E6F4DE2B}.Debug|x86.Build.0 = Debug|Any CPU
		{926A5EC9-31DC-40F0-838B-38C4E6F4DE2B}.Release|Any CPU.ActiveCfg = Release|Any CPU
		{926A5EC9-31DC-40F0-838B-38C4E6F4DE2B}.Release|Any CPU.Build.0 = Release|Any CPU
		{926A5EC9-31DC-40F0-838B-38C4E6F4DE2B}.Release|x64.ActiveCfg = Release|Any CPU
		{926A5EC9-31DC-40F0-838B-38C4E6F4DE2B}.Release|x64.Build.0 = Release|Any CPU
		{926A5EC9-31DC-40F0-838B-38C4E6F4DE2B}.Release|x86.ActiveCfg = Release|Any CPU
		{926A5EC9-31DC-40F0-838B-38C4E6F4DE2B}.Release|x86.Build.0 = Release|Any CPU
	EndGlobalSection
	GlobalSection(SolutionProperties) = preSolution
		HideSolutionNode = FALSE
	EndGlobalSection
	GlobalSection(NestedProjects) = preSolution
		{8178C40F-6A37-4B80-A7C4-793C679986E6} = {827E0CD3-B72D-47B6-A68D-7590B98EB39B}
		{2BD12798-EA08-4DEE-BDB1-26B9C0F1BB46} = {827E0CD3-B72D-47B6-A68D-7590B98EB39B}
		{5E5D54C6-2677-4A01-B3E7-96EEC91A725D} = {827E0CD3-B72D-47B6-A68D-7590B98EB39B}
		{69E14E76-22BC-4E92-B3D9-11029E8763E5} = {827E0CD3-B72D-47B6-A68D-7590B98EB39B}
		{926A5EC9-31DC-40F0-838B-38C4E6F4DE2B} = {0AB3BF05-4346-4AA6-1389-037BE0695223}
	EndGlobalSection
EndGlobal
